
Microsoft Visual Studio Solution File, Format Version 12.00
# Visual Studio Version 17
VisualStudioVersion = 17.10.34928.147
MinimumVisualStudioVersion = 10.0.40219.1
Project("{FAE04EC0-301F-11D3-BF4B-00C04F79EFBC}") = "Hackton.Api", "Hackton.Api\Hackton.Api.csproj", "{A6AC4C46-153C-4AC7-B34C-F86643FEF4E0}"
EndProject
Global
	GlobalSection(SolutionConfigurationPlatforms) = preSolution
		Debug|Any CPU = Debug|Any CPU
		Release|Any CPU = Release|Any CPU
	EndGlobalSection
	GlobalSection(ProjectConfigurationPlatforms) = postSolution
		{A6AC4C46-153C-4AC7-B34C-F86643FEF4E0}.Debug|Any CPU.ActiveCfg = Debug|Any CPU
		{A6AC4C46-153C-4AC7-B34C-F86643FEF4E0}.Debug|Any CPU.Build.0 = Debug|Any CPU
		{A6AC4C46-153C-4AC7-B34C-F86643FEF4E0}.Release|Any CPU.ActiveCfg = Release|Any CPU
		{A6AC4C46-153C-4AC7-B34C-F86643FEF4E0}.Release|Any CPU.Build.0 = Release|Any CPU
	EndGlobalSection
	GlobalSection(SolutionProperties) = preSolution
		HideSolutionNode = FALSE
	EndGlobalSection
	GlobalSection(ExtensibilityGlobals) = postSolution
		SolutionGuid = {5DEA1D76-FB25-43CC-B513-D1036941418C}
	EndGlobalSection
EndGlobal
